Microsoft Visual Studio Solution File, Format Version 12.00
# Visual Studio Version 17
VisualStudioVersion = 17.10.35013.160
MinimumVisualStudioVersion = 10.0.40219.1
Project("{FAE04EC0-301F-11D3-BF4B-00C04F79EFBC}") = "MathCore.Tools.CodeGeneration", "MathCore.Tools.CodeGeneration\MathCore.Tools.CodeGeneration.csproj", "{073960D6-4C5F-4A89-B7D0-51D6F03C5D94}"
EndProject
Global
	GlobalSection(ExtensibilityGlobals) = postSolution
		SolutionGuid = {7043BC69-3CE7-4604-9B6D-A8EC942FC094}
	EndGlobalSection
	GlobalSection(ProjectConfigurationPlatforms) = postSolution
		{073960D6-4C5F-4A89-B7D0-51D6F03C5D94}.Debug|Any CPU.ActiveCfg = Debug|Any CPU
		{073960D6-4C5F-4A89-B7D0-51D6F03C5D94}.Debug|Any CPU.Build.0 = Debug|Any CPU
		{073960D6-4C5F-4A89-B7D0-51D6F03C5D94}.Release|Any CPU.ActiveCfg = Release|Any CPU
		{073960D6-4C5F-4A89-B7D0-51D6F03C5D94}.Release|Any CPU.Build.0 = Release|Any CPU
	EndGlobalSection
	GlobalSection(SolutionConfigurationPlatforms) = preSolution
		Debug|Any CPU = Debug|Any CPU
		Release|Any CPU = Release|Any CPU
	EndGlobalSection
	GlobalSection(SolutionProperties) = preSolution
		HideSolutionNode = FALSE
	EndGlobalSection
EndGlobal
